
Microsoft Visual Studio Solution File, Format Version 12.00
# Visual Studio Version 17
VisualStudioVersion = 17.8.34330.188
MinimumVisualStudioVersion = 10.0.40219.1
Project("{FAE04EC0-301F-11D3-BF4B-00C04F79EFBC}") = "konstruktory_animal2", "konstruktory_animal2.csproj", "{BBDF7839-C9C9-4FE2-9345-5EA99B87273C}"
EndProject
Global
	GlobalSection(SolutionConfigurationPlatforms) = preSolution
		Debug|Any CPU = Debug|Any CPU
		Release|Any CPU = Release|Any CPU
	EndGlobalSection
	GlobalSection(ProjectConfigurationPlatforms) = postSolution
		{BBDF7839-C9C9-4FE2-9345-5EA99B87273C}.Debug|Any CPU.ActiveCfg = Debug|Any CPU
		{BBDF7839-C9C9-4FE2-9345-5EA99B87273C}.Debug|Any CPU.Build.0 = Debug|Any CPU
		{BBDF7839-C9C9-4FE2-9345-5EA99B87273C}.Release|Any CPU.ActiveCfg = Release|Any CPU
		{BBDF7839-C9C9-4FE2-9345-5EA99B87273C}.Release|Any CPU.Build.0 = Release|Any CPU
	EndGlobalSection
	GlobalSection(SolutionProperties) = preSolution
		HideSolutionNode = FALSE
	EndGlobalSection
	GlobalSection(ExtensibilityGlobals) = postSolution
		SolutionGuid = {3E1C6907-9703-440B-93AD-75DEEC2E73A5}
	EndGlobalSection
EndGlobal
