
Microsoft Visual Studio Solution File, Format Version 12.00
# Visual Studio Version 17
VisualStudioVersion = 17.8.34330.188
MinimumVisualStudioVersion = 10.0.40219.1
Project("{FAE04EC0-301F-11D3-BF4B-00C04F79EFBC}") = "slowniki_2", "slowniki_2.csproj", "{ED5368E7-FB78-4F4B-8147-ABC60FB44BD0}"
EndProject
Global
	GlobalSection(SolutionConfigurationPlatforms) = preSolution
		Debug|Any CPU = Debug|Any CPU
		Release|Any CPU = Release|Any CPU
	EndGlobalSection
	GlobalSection(ProjectConfigurationPlatforms) = postSolution
		{ED5368E7-FB78-4F4B-8147-ABC60FB44BD0}.Debug|Any CPU.ActiveCfg = Debug|Any CPU
		{ED5368E7-FB78-4F4B-8147-ABC60FB44BD0}.Debug|Any CPU.Build.0 = Debug|Any CPU
		{ED5368E7-FB78-4F4B-8147-ABC60FB44BD0}.Release|Any CPU.ActiveCfg = Release|Any CPU
		{ED5368E7-FB78-4F4B-8147-ABC60FB44BD0}.Release|Any CPU.Build.0 = Release|Any CPU
	EndGlobalSection
	GlobalSection(SolutionProperties) = preSolution
		HideSolutionNode = FALSE
	EndGlobalSection
	GlobalSection(ExtensibilityGlobals) = postSolution
		SolutionGuid = {32C5F130-BE9A-49B5-A304-97F89075C7D7}
	EndGlobalSection
EndGlobal
