
Microsoft Visual Studio Solution File, Format Version 12.00
# Visual Studio Version 17
VisualStudioVersion = 17.7.34031.279
MinimumVisualStudioVersion = 10.0.40219.1
Project("{FAE04EC0-301F-11D3-BF4B-00C04F79EFBC}") = "project_2_2", "project_2_2.csproj", "{65268B8B-C6BA-4C28-B020-0A180212E9ED}"
EndProject
Global
	GlobalSection(SolutionConfigurationPlatforms) = preSolution
		Debug|Any CPU = Debug|Any CPU
		Release|Any CPU = Release|Any CPU
	EndGlobalSection
	GlobalSection(ProjectConfigurationPlatforms) = postSolution
		{65268B8B-C6BA-4C28-B020-0A180212E9ED}.Debug|Any CPU.ActiveCfg = Debug|Any CPU
		{65268B8B-C6BA-4C28-B020-0A180212E9ED}.Debug|Any CPU.Build.0 = Debug|Any CPU
		{65268B8B-C6BA-4C28-B020-0A180212E9ED}.Release|Any CPU.ActiveCfg = Release|Any CPU
		{65268B8B-C6BA-4C28-B020-0A180212E9ED}.Release|Any CPU.Build.0 = Release|Any CPU
	EndGlobalSection
	GlobalSection(SolutionProperties) = preSolution
		HideSolutionNode = FALSE
	EndGlobalSection
	GlobalSection(ExtensibilityGlobals) = postSolution
		SolutionGuid = {056DA297-B194-43EE-A9AB-CA23F552732B}
	EndGlobalSection
EndGlobal
