
Microsoft Visual Studio Solution File, Format Version 12.00
# Visual Studio Version 17
VisualStudioVersion = 17.1.32414.318
MinimumVisualStudioVersion = 10.0.40219.1
Project("{FAE04EC0-301F-11D3-BF4B-00C04F79EFBC}") = "project_8_1", "project_8_1.csproj", "{549CEB7E-8804-4720-9CE2-5D0C047306A6}"
EndProject
Global
	GlobalSection(SolutionConfigurationPlatforms) = preSolution
		Debug|Any CPU = Debug|Any CPU
		Release|Any CPU = Release|Any CPU
	EndGlobalSection
	GlobalSection(ProjectConfigurationPlatforms) = postSolution
		{549CEB7E-8804-4720-9CE2-5D0C047306A6}.Debug|Any CPU.ActiveCfg = Debug|Any CPU
		{549CEB7E-8804-4720-9CE2-5D0C047306A6}.Debug|Any CPU.Build.0 = Debug|Any CPU
		{549CEB7E-8804-4720-9CE2-5D0C047306A6}.Release|Any CPU.ActiveCfg = Release|Any CPU
		{549CEB7E-8804-4720-9CE2-5D0C047306A6}.Release|Any CPU.Build.0 = Release|Any CPU
	EndGlobalSection
	GlobalSection(SolutionProperties) = preSolution
		HideSolutionNode = FALSE
	EndGlobalSection
	GlobalSection(ExtensibilityGlobals) = postSolution
		SolutionGuid = {EC2224C1-25F9-4C96-98D7-5A6D2BEC3D4F}
	EndGlobalSection
EndGlobal
