
Microsoft Visual Studio Solution File, Format Version 12.00
# Visual Studio Version 17
VisualStudioVersion = 17.7.34031.279
MinimumVisualStudioVersion = 10.0.40219.1
Project("{FAE04EC0-301F-11D3-BF4B-00C04F79EFBC}") = "project_5_1", "project_5_1.csproj", "{89D58D66-F698-47EF-A6A9-0C7C788C8B0F}"
EndProject
Global
	GlobalSection(SolutionConfigurationPlatforms) = preSolution
		Debug|Any CPU = Debug|Any CPU
		Release|Any CPU = Release|Any CPU
	EndGlobalSection
	GlobalSection(ProjectConfigurationPlatforms) = postSolution
		{89D58D66-F698-47EF-A6A9-0C7C788C8B0F}.Debug|Any CPU.ActiveCfg = Debug|Any CPU
		{89D58D66-F698-47EF-A6A9-0C7C788C8B0F}.Debug|Any CPU.Build.0 = Debug|Any CPU
		{89D58D66-F698-47EF-A6A9-0C7C788C8B0F}.Release|Any CPU.ActiveCfg = Release|Any CPU
		{89D58D66-F698-47EF-A6A9-0C7C788C8B0F}.Release|Any CPU.Build.0 = Release|Any CPU
	EndGlobalSection
	GlobalSection(SolutionProperties) = preSolution
		HideSolutionNode = FALSE
	EndGlobalSection
	GlobalSection(ExtensibilityGlobals) = postSolution
		SolutionGuid = {A5BBE32B-9724-4813-9BBE-2BE133DCDB3F}
	EndGlobalSection
EndGlobal
